// !$*UTF8*$!
{
	archiveVersion = 1;
	classes = {
	};
	objectVersion = 46;
	objects = {

/* Begin PBXBuildFile section */
		8DC2EF530486A6940098B216 /* InfoPlist.strings in Resources */ = {isa = PBXBuildFile; fileRef = 089C1666FE841158C02AAC07 /* InfoPlist.strings */; };
		BE0F240B12A6A8CD005E9444 /* TestPlatformIntegration.m in Sources */ = {isa = PBXBuildFile; fileRef = BE0F240A12A6A8CD005E9444 /* TestPlatformIntegration.m */; };
		BE0F24D812A72436005E9444 /* TestCore.m in Sources */ = {isa = PBXBuildFile; fileRef = BE0F24D712A72436005E9444 /* TestCore.m */; };
		BE0F24DC12A72475005E9444 /* TestBase.m in Sources */ = {isa = PBXBuildFile; fileRef = BE0F24DB12A72475005E9444 /* TestBase.m */; };
		BE296A8212A4184200229132 /* Cacao.framework in Frameworks */ = {isa = PBXBuildFile; fileRef = 8DC2EF5B0486A6940098B216 /* Cacao.framework */; };
		BE2B694E12D7C04E000363DB /* CacaoDictionary.h in Headers */ = {isa = PBXBuildFile; fileRef = BE2B694C12D7C04E000363DB /* CacaoDictionary.h */; };
		BE2B694F12D7C04E000363DB /* CacaoDictionary.m in Sources */ = {isa = PBXBuildFile; fileRef = BE2B694D12D7C04E000363DB /* CacaoDictionary.m */; };
		BE2B695012D7C04E000363DB /* CacaoDictionary.m in Sources */ = {isa = PBXBuildFile; fileRef = BE2B694D12D7C04E000363DB /* CacaoDictionary.m */; };
		BE2B6C4A12D8E2A8000363DB /* CacaoMathFunctionMakers.h in Headers */ = {isa = PBXBuildFile; fileRef = BE2B6C4812D8E2A8000363DB /* CacaoMathFunctionMakers.h */; };
		BE2B6C4B12D8E2A8000363DB /* CacaoMathFunctionMakers.m in Sources */ = {isa = PBXBuildFile; fileRef = BE2B6C4912D8E2A8000363DB /* CacaoMathFunctionMakers.m */; };
		BE2B6C4C12D8E2A8000363DB /* CacaoMathFunctionMakers.m in Sources */ = {isa = PBXBuildFile; fileRef = BE2B6C4912D8E2A8000363DB /* CacaoMathFunctionMakers.m */; };
		BE2B6C5012D8E304000363DB /* CacaoFunctionsMaker.h in Headers */ = {isa = PBXBuildFile; fileRef = BE2B6C4F12D8E304000363DB /* CacaoFunctionsMaker.h */; };
		BE2B6C7812D8F127000363DB /* CacaoHigherOrderFunctionMakers.m in Sources */ = {isa = PBXBuildFile; fileRef = BE2B6C7712D8F127000363DB /* CacaoHigherOrderFunctionMakers.m */; };
		BE2B6C7912D8F127000363DB /* CacaoHigherOrderFunctionMakers.h in Headers */ = {isa = PBXBuildFile; fileRef = BE2B6C7612D8F127000363DB /* CacaoHigherOrderFunctionMakers.h */; };
		BE2B6C7A12D8F127000363DB /* CacaoHigherOrderFunctionMakers.m in Sources */ = {isa = PBXBuildFile; fileRef = BE2B6C7712D8F127000363DB /* CacaoHigherOrderFunctionMakers.m */; };
		BE2B6D1812D8FD66000363DB /* CacaoSequenceFunctionMakers.m in Sources */ = {isa = PBXBuildFile; fileRef = BE2B6D1712D8FD66000363DB /* CacaoSequenceFunctionMakers.m */; };
		BE2B6D1912D8FD66000363DB /* CacaoSequenceFunctionMakers.h in Headers */ = {isa = PBXBuildFile; fileRef = BE2B6D1612D8FD66000363DB /* CacaoSequenceFunctionMakers.h */; };
		BE2B6D1A12D8FD66000363DB /* CacaoSequenceFunctionMakers.m in Sources */ = {isa = PBXBuildFile; fileRef = BE2B6D1712D8FD66000363DB /* CacaoSequenceFunctionMakers.m */; };
		BE2B6D2312D8FDFF000363DB /* CacaoComparisonFunctionMakers.m in Sources */ = {isa = PBXBuildFile; fileRef = BE2B6D2212D8FDFF000363DB /* CacaoComparisonFunctionMakers.m */; };
		BE2B6D2412D8FDFF000363DB /* CacaoComparisonFunctionMakers.h in Headers */ = {isa = PBXBuildFile; fileRef = BE2B6D2112D8FDFF000363DB /* CacaoComparisonFunctionMakers.h */; };
		BE2B6D2512D8FDFF000363DB /* CacaoComparisonFunctionMakers.m in Sources */ = {isa = PBXBuildFile; fileRef = BE2B6D2212D8FDFF000363DB /* CacaoComparisonFunctionMakers.m */; };
		BE2B6DCD12D9556D000363DB /* TestSequences.m in Sources */ = {isa = PBXBuildFile; fileRef = BE2B6DCC12D9556D000363DB /* TestSequences.m */; };
		BE2B725612DA7457000363DB /* CacaoVector.m in Sources */ = {isa = PBXBuildFile; fileRef = BE3BC6FE1290E58D00ED6ADB /* CacaoVector.m */; };
		BE2B78A212DCEC23000363DB /* CacaoReadable.h in Headers */ = {isa = PBXBuildFile; fileRef = BE2B78A112DCEC23000363DB /* CacaoReadable.h */; };
		BE3BC2EA1290A34E00ED6ADB /* NSString+CacaoReadable.h in Headers */ = {isa = PBXBuildFile; fileRef = BE3BC2E81290A34E00ED6ADB /* NSString+CacaoReadable.h */; };
		BE3BC2EB1290A34E00ED6ADB /* NSString+CacaoReadable.m in Sources */ = {isa = PBXBuildFile; fileRef = BE3BC2E91290A34E00ED6ADB /* NSString+CacaoReadable.m */; };
		BE3BC2EC1290A34E00ED6ADB /* NSString+CacaoReadable.m in Sources */ = {isa = PBXBuildFile; fileRef = BE3BC2E91290A34E00ED6ADB /* NSString+CacaoReadable.m */; };
		BE3BC3041290A3D600ED6ADB /* NSNumber+CacaoReadable.h in Headers */ = {isa = PBXBuildFile; fileRef = BE3BC3021290A3D600ED6ADB /* NSNumber+CacaoReadable.h */; };
		BE3BC3051290A3D600ED6ADB /* NSNumber+CacaoReadable.m in Sources */ = {isa = PBXBuildFile; fileRef = BE3BC3031290A3D600ED6ADB /* NSNumber+CacaoReadable.m */; };
		BE3BC3061290A3D600ED6ADB /* NSNumber+CacaoReadable.m in Sources */ = {isa = PBXBuildFile; fileRef = BE3BC3031290A3D600ED6ADB /* NSNumber+CacaoReadable.m */; };
		BE3BC3161290A5B500ED6ADB /* NSArray+CacaoReadable.h in Headers */ = {isa = PBXBuildFile; fileRef = BE3BC3141290A5B500ED6ADB /* NSArray+CacaoReadable.h */; };
		BE3BC3171290A5B500ED6ADB /* NSArray+CacaoReadable.m in Sources */ = {isa = PBXBuildFile; fileRef = BE3BC3151290A5B500ED6ADB /* NSArray+CacaoReadable.m */; };
		BE3BC3181290A5B500ED6ADB /* NSArray+CacaoReadable.m in Sources */ = {isa = PBXBuildFile; fileRef = BE3BC3151290A5B500ED6ADB /* NSArray+CacaoReadable.m */; };
		BE3BC34A1290AA3100ED6ADB /* NSObject+CacaoReadable.h in Headers */ = {isa = PBXBuildFile; fileRef = BE3BC3481290AA3100ED6ADB /* NSObject+CacaoReadable.h */; };
		BE3BC34B1290AA3100ED6ADB /* NSObject+CacaoReadable.m in Sources */ = {isa = PBXBuildFile; fileRef = BE3BC3491290AA3100ED6ADB /* NSObject+CacaoReadable.m */; };
		BE3BC34C1290AA3100ED6ADB /* NSObject+CacaoReadable.m in Sources */ = {isa = PBXBuildFile; fileRef = BE3BC3491290AA3100ED6ADB /* NSObject+CacaoReadable.m */; };
		BE3BC4CB1290BF2400ED6ADB /* CacaoSymbolNotFoundException.h in Headers */ = {isa = PBXBuildFile; fileRef = BE3BC4C91290BF2400ED6ADB /* CacaoSymbolNotFoundException.h */; };
		BE3BC4CC1290BF2400ED6ADB /* CacaoSymbolNotFoundException.m in Sources */ = {isa = PBXBuildFile; fileRef = BE3BC4CA1290BF2400ED6ADB /* CacaoSymbolNotFoundException.m */; };
		BE3BC4CD1290BF2400ED6ADB /* CacaoSymbolNotFoundException.m in Sources */ = {isa = PBXBuildFile; fileRef = BE3BC4CA1290BF2400ED6ADB /* CacaoSymbolNotFoundException.m */; };
		BE3BC60C1290CD2400ED6ADB /* CacaoNil.h in Headers */ = {isa = PBXBuildFile; fileRef = BE3BC60A1290CD2400ED6ADB /* CacaoNil.h */; };
		BE3BC60D1290CD2400ED6ADB /* CacaoNil.m in Sources */ = {isa = PBXBuildFile; fileRef = BE3BC60B1290CD2400ED6ADB /* CacaoNil.m */; };
		BE3BC60E1290CD2400ED6ADB /* CacaoNil.m in Sources */ = {isa = PBXBuildFile; fileRef = BE3BC60B1290CD2400ED6ADB /* CacaoNil.m */; };
		BE3BC65E1290CF4900ED6ADB /* CacaoNilNotCallableException.h in Headers */ = {isa = PBXBuildFile; fileRef = BE3BC65C1290CF4900ED6ADB /* CacaoNilNotCallableException.h */; };
		BE3BC65F1290CF4900ED6ADB /* CacaoNilNotCallableException.m in Sources */ = {isa = PBXBuildFile; fileRef = BE3BC65D1290CF4900ED6ADB /* CacaoNilNotCallableException.m */; };
		BE3BC6601290CF4900ED6ADB /* CacaoNilNotCallableException.m in Sources */ = {isa = PBXBuildFile; fileRef = BE3BC65D1290CF4900ED6ADB /* CacaoNilNotCallableException.m */; };
		BE3BC6FF1290E58D00ED6ADB /* CacaoVector.h in Headers */ = {isa = PBXBuildFile; fileRef = BE3BC6FD1290E58D00ED6ADB /* CacaoVector.h */; };
		BE3BC7001290E58D00ED6ADB /* CacaoVector.m in Sources */ = {isa = PBXBuildFile; fileRef = BE3BC6FE1290E58D00ED6ADB /* CacaoVector.m */; };
		BE445FB712A57EDF00D1E47C /* BigInteger.h in Headers */ = {isa = PBXBuildFile; fileRef = BEDDE09E12A444AC00B0EF6C /* BigInteger.h */; };
		BE445FB812A57EDF00D1E47C /* BigInteger.m in Sources */ = {isa = PBXBuildFile; fileRef = BEDDE09F12A444AC00B0EF6C /* BigInteger.m */; };
		BE445FB912A57EDF00D1E47C /* BigDecimal.h in Headers */ = {isa = PBXBuildFile; fileRef = BEDDE0A012A444AC00B0EF6C /* BigDecimal.h */; };
		BE445FBA12A57EDF00D1E47C /* BigDecimal.m in Sources */ = {isa = PBXBuildFile; fileRef = BEDDE0A112A444AC00B0EF6C /* BigDecimal.m */; };
		BE445FBB12A57EDF00D1E47C /* GMPRational.h in Headers */ = {isa = PBXBuildFile; fileRef = BEDDE0A212A444AC00B0EF6C /* GMPRational.h */; };
		BE445FBC12A57EDF00D1E47C /* GMPRational.m in Sources */ = {isa = PBXBuildFile; fileRef = BEDDE0A312A444AC00B0EF6C /* GMPRational.m */; };
		BE46BB9812A59B6400EE904A /* libgmp.dylib in Frameworks */ = {isa = PBXBuildFile; fileRef = BE46BB9712A59B6400EE904A /* libgmp.dylib */; };
		BE46BBC012A59D3C00EE904A /* Cocoa.framework in Frameworks */ = {isa = PBXBuildFile; fileRef = BE46BBBF12A59D3C00EE904A /* Cocoa.framework */; };
		BE61EF02129B79E200E7A7DD /* CacaoFn.h in Headers */ = {isa = PBXBuildFile; fileRef = BE61EF00129B79E200E7A7DD /* CacaoFn.h */; };
		BE61EF03129B79E200E7A7DD /* CacaoFn.m in Sources */ = {isa = PBXBuildFile; fileRef = BE61EF01129B79E200E7A7DD /* CacaoFn.m */; };
		BE61EF04129B79E200E7A7DD /* CacaoFn.m in Sources */ = {isa = PBXBuildFile; fileRef = BE61EF01129B79E200E7A7DD /* CacaoFn.m */; };
		BE62163612A8A04900F4D142 /* NSValue+CacaoReadable.h in Headers */ = {isa = PBXBuildFile; fileRef = BE62163412A8A04900F4D142 /* NSValue+CacaoReadable.h */; };
		BE62163712A8A04900F4D142 /* NSValue+CacaoReadable.m in Sources */ = {isa = PBXBuildFile; fileRef = BE62163512A8A04900F4D142 /* NSValue+CacaoReadable.m */; };
		BE62163812A8A04900F4D142 /* NSValue+CacaoReadable.m in Sources */ = {isa = PBXBuildFile; fileRef = BE62163512A8A04900F4D142 /* NSValue+CacaoReadable.m */; };
		BE93011312BD4492007A4826 /* CacaoUtil.h in Headers */ = {isa = PBXBuildFile; fileRef = BE93011112BD4492007A4826 /* CacaoUtil.h */; };
		BE93011412BD4492007A4826 /* CacaoUtil.m in Sources */ = {isa = PBXBuildFile; fileRef = BE93011212BD4492007A4826 /* CacaoUtil.m */; };
		BE93011512BD4492007A4826 /* CacaoUtil.m in Sources */ = {isa = PBXBuildFile; fileRef = BE93011212BD4492007A4826 /* CacaoUtil.m */; };
		BE93014612BD4AFA007A4826 /* CacaoKeyword.h in Headers */ = {isa = PBXBuildFile; fileRef = BE93014412BD4AFA007A4826 /* CacaoKeyword.h */; };
		BE93014712BD4AFA007A4826 /* CacaoKeyword.m in Sources */ = {isa = PBXBuildFile; fileRef = BE93014512BD4AFA007A4826 /* CacaoKeyword.m */; };
		BE93014812BD4AFA007A4826 /* CacaoKeyword.m in Sources */ = {isa = PBXBuildFile; fileRef = BE93014512BD4AFA007A4826 /* CacaoKeyword.m */; };
		BE9302F112BED306007A4826 /* CacaoArgumentName.h in Headers */ = {isa = PBXBuildFile; fileRef = BE9302EF12BED306007A4826 /* CacaoArgumentName.h */; };
		BE9302F212BED306007A4826 /* CacaoArgumentName.m in Sources */ = {isa = PBXBuildFile; fileRef = BE9302F012BED306007A4826 /* CacaoArgumentName.m */; };
		BE9302F312BED306007A4826 /* CacaoArgumentName.m in Sources */ = {isa = PBXBuildFile; fileRef = BE9302F012BED306007A4826 /* CacaoArgumentName.m */; };
		BE93D64512C6D28900B42625 /* CacaoCore.h in Headers */ = {isa = PBXBuildFile; fileRef = BE93D64312C6D28900B42625 /* CacaoCore.h */; };
		BE93D64612C6D28900B42625 /* CacaoCore.m in Sources */ = {isa = PBXBuildFile; fileRef = BE93D64412C6D28900B42625 /* CacaoCore.m */; };
		BE93D64712C6D28900B42625 /* CacaoCore.m in Sources */ = {isa = PBXBuildFile; fileRef = BE93D64412C6D28900B42625 /* CacaoCore.m */; };
		BE93F79312BBE3AD007A4826 /* CacaoLispReader.h in Headers */ = {isa = PBXBuildFile; fileRef = BE93F79112BBE3AD007A4826 /* CacaoLispReader.h */; };
		BE93F79412BBE3AD007A4826 /* CacaoLispReader.m in Sources */ = {isa = PBXBuildFile; fileRef = BE93F79212BBE3AD007A4826 /* CacaoLispReader.m */; };
		BE93F79512BBE3AD007A4826 /* CacaoLispReader.m in Sources */ = {isa = PBXBuildFile; fileRef = BE93F79212BBE3AD007A4826 /* CacaoLispReader.m */; };
		BE93F94812BC163D007A4826 /* RegexKitLite.h in Headers */ = {isa = PBXBuildFile; fileRef = BE93F94612BC163D007A4826 /* RegexKitLite.h */; };
		BE93F94912BC163D007A4826 /* RegexKitLite.m in Sources */ = {isa = PBXBuildFile; fileRef = BE93F94712BC163D007A4826 /* RegexKitLite.m */; };
		BE93F94A12BC163D007A4826 /* RegexKitLite.m in Sources */ = {isa = PBXBuildFile; fileRef = BE93F94712BC163D007A4826 /* RegexKitLite.m */; };
		BE93FFEC12BD0D7A007A4826 /* CacaoReaderMacroInvokers.h in Headers */ = {isa = PBXBuildFile; fileRef = BE93FFEB12BD0D7A007A4826 /* CacaoReaderMacroInvokers.h */; };
		BE98BF1B12C4E71500E21BD2 /* libedit.dylib in Frameworks */ = {isa = PBXBuildFile; fileRef = BE98BF1A12C4E71500E21BD2 /* libedit.dylib */; };
		BE98F04912AB0EBA0056DCD1 /* PushbackReader.h in Headers */ = {isa = PBXBuildFile; fileRef = BE98F04712AB0EBA0056DCD1 /* PushbackReader.h */; };
		BE98F04A12AB0EBA0056DCD1 /* PushbackReader.m in Sources */ = {isa = PBXBuildFile; fileRef = BE98F04812AB0EBA0056DCD1 /* PushbackReader.m */; };
		BE98F04B12AB0EBA0056DCD1 /* PushbackReader.m in Sources */ = {isa = PBXBuildFile; fileRef = BE98F04812AB0EBA0056DCD1 /* PushbackReader.m */; };
		BEA9FC8412C7B72A001875C1 /* CacaoBigInteger.h in Headers */ = {isa = PBXBuildFile; fileRef = BEA9FC8212C7B72A001875C1 /* CacaoBigInteger.h */; };
		BEB2945F128F052E0092F199 /* SenTestingKit.framework in Frameworks */ = {isa = PBXBuildFile; fileRef = BEB2945E128F052E0092F199 /* SenTestingKit.framework */; };
		BEB2967E128F2A0D0092F199 /* CacaoRepl.m in Sources */ = {isa = PBXBuildFile; fileRef = BEB2949E128F0AF30092F199 /* CacaoRepl.m */; };
		BEB29823128F376B0092F199 /* CacaoSymbol.m in Sources */ = {isa = PBXBuildFile; fileRef = BEB29822128F376B0092F199 /* CacaoSymbol.m */; };
		BEB2996D128F52CC0092F199 /* CacaoEnvironment.m in Sources */ = {isa = PBXBuildFile; fileRef = BEB2996C128F52CC0092F199 /* CacaoEnvironment.m */; };
		BEB29981128F577B0092F199 /* NSArray+Functional.m in Sources */ = {isa = PBXBuildFile; fileRef = BEB29980128F577B0092F199 /* NSArray+Functional.m */; };
		BEB29982128F577B0092F199 /* NSArray+Functional.h in Headers */ = {isa = PBXBuildFile; fileRef = BEB2997F128F577B0092F199 /* NSArray+Functional.h */; };
		BEB29983128F577B0092F199 /* NSArray+Functional.m in Sources */ = {isa = PBXBuildFile; fileRef = BEB29980128F577B0092F199 /* NSArray+Functional.m */; };
		BECDF77712A17936006AE86C /* TestMath.m in Sources */ = {isa = PBXBuildFile; fileRef = BECDF77612A17936006AE86C /* TestMath.m */; };
		BECDF7CA12A18027006AE86C /* CacaoSymbol.h in Headers */ = {isa = PBXBuildFile; fileRef = BEB29821128F376B0092F199 /* CacaoSymbol.h */; };
		BECDF7CB12A18031006AE86C /* CacaoSymbol.m in Sources */ = {isa = PBXBuildFile; fileRef = BEB29822128F376B0092F199 /* CacaoSymbol.m */; };
		BECDF7CC12A18035006AE86C /* CacaoEnvironment.h in Headers */ = {isa = PBXBuildFile; fileRef = BEB2996B128F52CC0092F199 /* CacaoEnvironment.h */; };
		BECDF7CD12A18039006AE86C /* CacaoEnvironment.m in Sources */ = {isa = PBXBuildFile; fileRef = BEB2996C128F52CC0092F199 /* CacaoEnvironment.m */; };
		BEF44C7812D3BCDA007E42FB /* CacaoQuotedForm.h in Headers */ = {isa = PBXBuildFile; fileRef = BEF44C7612D3BCDA007E42FB /* CacaoQuotedForm.h */; };
		BEF44C7912D3BCDA007E42FB /* CacaoQuotedForm.m in Sources */ = {isa = PBXBuildFile; fileRef = BEF44C7712D3BCDA007E42FB /* CacaoQuotedForm.m */; };
		BEF44C7A12D3BCDA007E42FB /* CacaoQuotedForm.m in Sources */ = {isa = PBXBuildFile; fileRef = BEF44C7712D3BCDA007E42FB /* CacaoQuotedForm.m */; };
		BEF44E4B12D3F1C2007E42FB /* libgmp.dylib in Frameworks */ = {isa = PBXBuildFile; fileRef = BE46BB9712A59B6400EE904A /* libgmp.dylib */; };
		BEF44E4E12D3F1CC007E42FB /* BigInteger.m in Sources */ = {isa = PBXBuildFile; fileRef = BEDDE09F12A444AC00B0EF6C /* BigInteger.m */; };
		BEF44E4F12D3F1CF007E42FB /* BigDecimal.m in Sources */ = {isa = PBXBuildFile; fileRef = BEDDE0A112A444AC00B0EF6C /* BigDecimal.m */; };
		BEF44E5012D3F1D2007E42FB /* GMPRational.m in Sources */ = {isa = PBXBuildFile; fileRef = BEDDE0A312A444AC00B0EF6C /* GMPRational.m */; };
/* End PBXBuildFile section */

/* Begin PBXContainerItemProxy section */
		BE46BC6112A5AA3300EE904A /* PBXContainerItemProxy */ = {
			isa = PBXContainerItemProxy;
			containerPortal = 0867D690FE84028FC02AAC07 /* Project object */;
			proxyType = 1;
			remoteGlobalIDString = 8DC2EF4F0486A6940098B216;
			remoteInfo = Cacao;
		};
/* End PBXContainerItemProxy section */

/* Begin PBXFileReference section */
		0867D69BFE84028FC02AAC07 /* Foundation.framework */ = {isa = PBXFileReference; lastKnownFileType = wrapper.framework; name = Foundation.framework; path = /System/Library/Frameworks/Foundation.framework; sourceTree = "<absolute>"; };
		0867D6A5FE840307C02AAC07 /* AppKit.framework */ = {isa = PBXFileReference; lastKnownFileType = wrapper.framework; name = AppKit.framework; path = /System/Library/Frameworks/AppKit.framework; sourceTree = "<absolute>"; };
		089C1667FE841158C02AAC07 /* English */ = {isa = PBXFileReference; fileEncoding = 4; lastKnownFileType = text.plist.strings; name = English; path = English.lproj/InfoPlist.strings; sourceTree = "<group>"; };
		1058C7B1FEA5585E11CA2CBB /* Cocoa.framework */ = {isa = PBXFileReference; lastKnownFileType = wrapper.framework; name = Cocoa.framework; path = /System/Library/Frameworks/Cocoa.framework; sourceTree = "<absolute>"; };
		32DBCF5E0370ADEE00C91783 /* Cacao_Prefix.pch */ = {isa = PBXFileReference; fileEncoding = 4; lastKnownFileType = sourcecode.c.h; path = Cacao_Prefix.pch; sourceTree = "<group>"; };
		8DC2EF5A0486A6940098B216 /* Info.plist */ = {isa = PBXFileReference; fileEncoding = 4; lastKnownFileType = text.plist.xml; path = Info.plist; sourceTree = "<group>"; };
		8DC2EF5B0486A6940098B216 /* Cacao.framework */ = {isa = PBXFileReference; explicitFileType = wrapper.framework; includeInIndex = 0; path = Cacao.framework; sourceTree = BUILT_PRODUCTS_DIR; };
		BE0F240912A6A8CD005E9444 /* TestPlatformIntegration.h */ = {isa = PBXFileReference; fileEncoding = 4; lastKnownFileType = sourcecode.c.h; path = TestPlatformIntegration.h; sourceTree = "<group>"; };
		BE0F240A12A6A8CD005E9444 /* TestPlatformIntegration.m */ = {isa = PBXFileReference; fileEncoding = 4; lastKnownFileType = sourcecode.c.objc; path = TestPlatformIntegration.m; sourceTree = "<group>"; };
		BE0F24D612A72436005E9444 /* TestCore.h */ = {isa = PBXFileReference; fileEncoding = 4; lastKnownFileType = sourcecode.c.h; path = TestCore.h; sourceTree = "<group>"; };
		BE0F24D712A72436005E9444 /* TestCore.m */ = {isa = PBXFileReference; fileEncoding = 4; lastKnownFileType = sourcecode.c.objc; path = TestCore.m; sourceTree = "<group>"; };
		BE0F24DA12A72475005E9444 /* TestBase.h */ = {isa = PBXFileReference; fileEncoding = 4; lastKnownFileType = sourcecode.c.h; path = TestBase.h; sourceTree = "<group>"; };
		BE0F24DB12A72475005E9444 /* TestBase.m */ = {isa = PBXFileReference; fileEncoding = 4; lastKnownFileType = sourcecode.c.objc; path = TestBase.m; sourceTree = "<group>"; };
		BE2B694C12D7C04E000363DB /* CacaoDictionary.h */ = {isa = PBXFileReference; fileEncoding = 4; lastKnownFileType = sourcecode.c.h; path = CacaoDictionary.h; sourceTree = "<group>"; };
		BE2B694D12D7C04E000363DB /* CacaoDictionary.m */ = {isa = PBXFileReference; fileEncoding = 4; lastKnownFileType = sourcecode.c.objc; path = CacaoDictionary.m; sourceTree = "<group>"; };
		BE2B6C4812D8E2A8000363DB /* CacaoMathFunctionMakers.h */ = {isa = PBXFileReference; fileEncoding = 4; lastKnownFileType = sourcecode.c.h; path = CacaoMathFunctionMakers.h; sourceTree = "<group>"; };
		BE2B6C4912D8E2A8000363DB /* CacaoMathFunctionMakers.m */ = {isa = PBXFileReference; fileEncoding = 4; lastKnownFileType = sourcecode.c.objc; path = CacaoMathFunctionMakers.m; sourceTree = "<group>"; };
		BE2B6C4F12D8E304000363DB /* CacaoFunctionsMaker.h */ = {isa = PBXFileReference; fileEncoding = 4; lastKnownFileType = sourcecode.c.h; path = CacaoFunctionsMaker.h; sourceTree = "<group>"; };
		BE2B6C7612D8F127000363DB /* CacaoHigherOrderFunctionMakers.h */ = {isa = PBXFileReference; fileEncoding = 4; lastKnownFileType = sourcecode.c.h; path = CacaoHigherOrderFunctionMakers.h; sourceTree = "<group>"; };
		BE2B6C7712D8F127000363DB /* CacaoHigherOrderFunctionMakers.m */ = {isa = PBXFileReference; fileEncoding = 4; lastKnownFileType = sourcecode.c.objc; path = CacaoHigherOrderFunctionMakers.m; sourceTree = "<group>"; };
		BE2B6D1612D8FD66000363DB /* CacaoSequenceFunctionMakers.h */ = {isa = PBXFileReference; fileEncoding = 4; lastKnownFileType = sourcecode.c.h; path = CacaoSequenceFunctionMakers.h; sourceTree = "<group>"; };
		BE2B6D1712D8FD66000363DB /* CacaoSequenceFunctionMakers.m */ = {isa = PBXFileReference; fileEncoding = 4; lastKnownFileType = sourcecode.c.objc; path = CacaoSequenceFunctionMakers.m; sourceTree = "<group>"; };
		BE2B6D2112D8FDFF000363DB /* CacaoComparisonFunctionMakers.h */ = {isa = PBXFileReference; fileEncoding = 4; lastKnownFileType = sourcecode.c.h; path = CacaoComparisonFunctionMakers.h; sourceTree = "<group>"; };
		BE2B6D2212D8FDFF000363DB /* CacaoComparisonFunctionMakers.m */ = {isa = PBXFileReference; fileEncoding = 4; lastKnownFileType = sourcecode.c.objc; path = CacaoComparisonFunctionMakers.m; sourceTree = "<group>"; };
		BE2B6DCB12D9556D000363DB /* TestSequences.h */ = {isa = PBXFileReference; fileEncoding = 4; lastKnownFileType = sourcecode.c.h; path = TestSequences.h; sourceTree = "<group>"; };
		BE2B6DCC12D9556D000363DB /* TestSequences.m */ = {isa = PBXFileReference; fileEncoding = 4; lastKnownFileType = sourcecode.c.objc; path = TestSequences.m; sourceTree = "<group>"; };
		BE2B78A112DCEC23000363DB /* CacaoReadable.h */ = {isa = PBXFileReference; fileEncoding = 4; lastKnownFileType = sourcecode.c.h; path = CacaoReadable.h; sourceTree = "<group>"; };
		BE3BC2E81290A34E00ED6ADB /* NSString+CacaoReadable.h */ = {isa = PBXFileReference; fileEncoding = 4; lastKnownFileType = sourcecode.c.h; path = "NSString+CacaoReadable.h"; sourceTree = "<group>"; };
		BE3BC2E91290A34E00ED6ADB /* NSString+CacaoReadable.m */ = {isa = PBXFileReference; fileEncoding = 4; lastKnownFileType = sourcecode.c.objc; path = "NSString+CacaoReadable.m"; sourceTree = "<group>"; };
		BE3BC3021290A3D600ED6ADB /* NSNumber+CacaoReadable.h */ = {isa = PBXFileReference; fileEncoding = 4; lastKnownFileType = sourcecode.c.h; path = "NSNumber+CacaoReadable.h"; sourceTree = "<group>"; };
		BE3BC3031290A3D600ED6ADB /* NSNumber+CacaoReadable.m */ = {isa = PBXFileReference; fileEncoding = 4; lastKnownFileType = sourcecode.c.objc; path = "NSNumber+CacaoReadable.m"; sourceTree = "<group>"; };
		BE3BC3141290A5B500ED6ADB /* NSArray+CacaoReadable.h */ = {isa = PBXFileReference; fileEncoding = 4; lastKnownFileType = sourcecode.c.h; path = "NSArray+CacaoReadable.h"; sourceTree = "<group>"; };
		BE3BC3151290A5B500ED6ADB /* NSArray+CacaoReadable.m */ = {isa = PBXFileReference; fileEncoding = 4; lastKnownFileType = sourcecode.c.objc; path = "NSArray+CacaoReadable.m"; sourceTree = "<group>"; };
		BE3BC3481290AA3100ED6ADB /* NSObject+CacaoReadable.h */ = {isa = PBXFileReference; fileEncoding = 4; lastKnownFileType = sourcecode.c.h; path = "NSObject+CacaoReadable.h"; sourceTree = "<group>"; };
		BE3BC3491290AA3100ED6ADB /* NSObject+CacaoReadable.m */ = {isa = PBXFileReference; fileEncoding = 4; lastKnownFileType = sourcecode.c.objc; path = "NSObject+CacaoReadable.m"; sourceTree = "<group>"; };
		BE3BC4C91290BF2400ED6ADB /* CacaoSymbolNotFoundException.h */ = {isa = PBXFileReference; fileEncoding = 4; lastKnownFileType = sourcecode.c.h; path = CacaoSymbolNotFoundException.h; sourceTree = "<group>"; };
		BE3BC4CA1290BF2400ED6ADB /* CacaoSymbolNotFoundException.m */ = {isa = PBXFileReference; fileEncoding = 4; lastKnownFileType = sourcecode.c.objc; path = CacaoSymbolNotFoundException.m; sourceTree = "<group>"; };
		BE3BC60A1290CD2400ED6ADB /* CacaoNil.h */ = {isa = PBXFileReference; fileEncoding = 4; lastKnownFileType = sourcecode.c.h; path = CacaoNil.h; sourceTree = "<group>"; };
		BE3BC60B1290CD2400ED6ADB /* CacaoNil.m */ = {isa = PBXFileReference; fileEncoding = 4; lastKnownFileType = sourcecode.c.objc; path = CacaoNil.m; sourceTree = "<group>"; };
		BE3BC65C1290CF4900ED6ADB /* CacaoNilNotCallableException.h */ = {isa = PBXFileReference; fileEncoding = 4; lastKnownFileType = sourcecode.c.h; path = CacaoNilNotCallableException.h; sourceTree = "<group>"; };
		BE3BC65D1290CF4900ED6ADB /* CacaoNilNotCallableException.m */ = {isa = PBXFileReference; fileEncoding = 4; lastKnownFileType = sourcecode.c.objc; path = CacaoNilNotCallableException.m; sourceTree = "<group>"; };
		BE3BC6FD1290E58D00ED6ADB /* CacaoVector.h */ = {isa = PBXFileReference; fileEncoding = 4; lastKnownFileType = sourcecode.c.h; path = CacaoVector.h; sourceTree = "<group>"; };
		BE3BC6FE1290E58D00ED6ADB /* CacaoVector.m */ = {isa = PBXFileReference; fileEncoding = 4; lastKnownFileType = sourcecode.c.objc; path = CacaoVector.m; sourceTree = "<group>"; };
		BE46BB9712A59B6400EE904A /* libgmp.dylib */ = {isa = PBXFileReference; lastKnownFileType = "compiled.mach-o.dylib"; name = libgmp.dylib; path = usr/local/lib/libgmp.dylib; sourceTree = SDKROOT; };
		BE46BBBF12A59D3C00EE904A /* Cocoa.framework */ = {isa = PBXFileReference; lastKnownFileType = wrapper.framework; name = Cocoa.framework; path = System/Library/Frameworks/Cocoa.framework; sourceTree = SDKROOT; };
		BE61EF00129B79E200E7A7DD /* CacaoFn.h */ = {isa = PBXFileReference; fileEncoding = 4; lastKnownFileType = sourcecode.c.h; path = CacaoFn.h; sourceTree = "<group>"; };
		BE61EF01129B79E200E7A7DD /* CacaoFn.m */ = {isa = PBXFileReference; fileEncoding = 4; lastKnownFileType = sourcecode.c.objc; path = CacaoFn.m; sourceTree = "<group>"; };
		BE62163412A8A04900F4D142 /* NSValue+CacaoReadable.h */ = {isa = PBXFileReference; fileEncoding = 4; lastKnownFileType = sourcecode.c.h; path = "NSValue+CacaoReadable.h"; sourceTree = "<group>"; };
		BE62163512A8A04900F4D142 /* NSValue+CacaoReadable.m */ = {isa = PBXFileReference; fileEncoding = 4; lastKnownFileType = sourcecode.c.objc; path = "NSValue+CacaoReadable.m"; sourceTree = "<group>"; };
		BE93011112BD4492007A4826 /* CacaoUtil.h */ = {isa = PBXFileReference; fileEncoding = 4; lastKnownFileType = sourcecode.c.h; path = CacaoUtil.h; sourceTree = "<group>"; };
		BE93011212BD4492007A4826 /* CacaoUtil.m */ = {isa = PBXFileReference; fileEncoding = 4; lastKnownFileType = sourcecode.c.objc; path = CacaoUtil.m; sourceTree = "<group>"; };
		BE93014412BD4AFA007A4826 /* CacaoKeyword.h */ = {isa = PBXFileReference; fileEncoding = 4; lastKnownFileType = sourcecode.c.h; path = CacaoKeyword.h; sourceTree = "<group>"; };
		BE93014512BD4AFA007A4826 /* CacaoKeyword.m */ = {isa = PBXFileReference; fileEncoding = 4; lastKnownFileType = sourcecode.c.objc; path = CacaoKeyword.m; sourceTree = "<group>"; };
		BE9302EF12BED306007A4826 /* CacaoArgumentName.h */ = {isa = PBXFileReference; fileEncoding = 4; lastKnownFileType = sourcecode.c.h; path = CacaoArgumentName.h; sourceTree = "<group>"; };
		BE9302F012BED306007A4826 /* CacaoArgumentName.m */ = {isa = PBXFileReference; fileEncoding = 4; lastKnownFileType = sourcecode.c.objc; path = CacaoArgumentName.m; sourceTree = "<group>"; };
		BE93D64312C6D28900B42625 /* CacaoCore.h */ = {isa = PBXFileReference; fileEncoding = 4; lastKnownFileType = sourcecode.c.h; path = CacaoCore.h; sourceTree = "<group>"; };
		BE93D64412C6D28900B42625 /* CacaoCore.m */ = {isa = PBXFileReference; fileEncoding = 4; lastKnownFileType = sourcecode.c.objc; path = CacaoCore.m; sourceTree = "<group>"; };
		BE93F79112BBE3AD007A4826 /* CacaoLispReader.h */ = {isa = PBXFileReference; fileEncoding = 4; lastKnownFileType = sourcecode.c.h; path = CacaoLispReader.h; sourceTree = "<group>"; };
		BE93F79212BBE3AD007A4826 /* CacaoLispReader.m */ = {isa = PBXFileReference; fileEncoding = 4; lastKnownFileType = sourcecode.c.objc; path = CacaoLispReader.m; sourceTree = "<group>"; };
		BE93F94612BC163D007A4826 /* RegexKitLite.h */ = {isa = PBXFileReference; fileEncoding = 4; lastKnownFileType = sourcecode.c.h; path = RegexKitLite.h; sourceTree = "<group>"; };
		BE93F94712BC163D007A4826 /* RegexKitLite.m */ = {isa = PBXFileReference; fileEncoding = 4; lastKnownFileType = sourcecode.c.objc; path = RegexKitLite.m; sourceTree = "<group>"; };
		BE93FFEB12BD0D7A007A4826 /* CacaoReaderMacroInvokers.h */ = {isa = PBXFileReference; fileEncoding = 4; lastKnownFileType = sourcecode.c.h; path = CacaoReaderMacroInvokers.h; sourceTree = "<group>"; };
		BE98BF1A12C4E71500E21BD2 /* libedit.dylib */ = {isa = PBXFileReference; lastKnownFileType = "compiled.mach-o.dylib"; name = libedit.dylib; path = usr/lib/libedit.dylib; sourceTree = SDKROOT; };
		BE98F04712AB0EBA0056DCD1 /* PushbackReader.h */ = {isa = PBXFileReference; fileEncoding = 4; lastKnownFileType = sourcecode.c.h; path = PushbackReader.h; sourceTree = "<group>"; };
		BE98F04812AB0EBA0056DCD1 /* PushbackReader.m */ = {isa = PBXFileReference; fileEncoding = 4; lastKnownFileType = sourcecode.c.objc; path = PushbackReader.m; sourceTree = "<group>"; };
		BEA9FC8212C7B72A001875C1 /* CacaoBigInteger.h */ = {isa = PBXFileReference; fileEncoding = 4; lastKnownFileType = sourcecode.c.h; path = CacaoBigInteger.h; sourceTree = "<group>"; };
		BEA9FC8312C7B72A001875C1 /* CacaoBigInteger.m */ = {isa = PBXFileReference; fileEncoding = 4; lastKnownFileType = sourcecode.c.objc; path = CacaoBigInteger.m; sourceTree = "<group>"; };
		BEA9FCA112C7BFEE001875C1 /* OpenCL.framework */ = {isa = PBXFileReference; lastKnownFileType = wrapper.framework; name = OpenCL.framework; path = System/Library/Frameworks/OpenCL.framework; sourceTree = SDKROOT; };
		BEB293A1128EFAD40092F199 /* Tests.octest */ = {isa = PBXFileReference; explicitFileType = wrapper.cfbundle; includeInIndex = 0; path = Tests.octest; sourceTree = BUILT_PRODUCTS_DIR; };
		BEB293A2128EFAD40092F199 /* Tests-Info.plist */ = {isa = PBXFileReference; lastKnownFileType = text.plist.xml; path = "Tests-Info.plist"; sourceTree = "<group>"; };
		BEB2945E128F052E0092F199 /* SenTestingKit.framework */ = {isa = PBXFileReference; lastKnownFileType = wrapper.framework; name = SenTestingKit.framework; path = Library/Frameworks/SenTestingKit.framework; sourceTree = DEVELOPER_DIR; };
		BEB29497128F0ABA0092F199 /* cacao */ = {isa = PBXFileReference; explicitFileType = "compiled.mach-o.executable"; includeInIndex = 0; path = cacao; sourceTree = BUILT_PRODUCTS_DIR; };
		BEB2949D128F0AF30092F199 /* CacaoRepl.h */ = {isa = PBXFileReference; fileEncoding = 4; lastKnownFileType = sourcecode.c.h; path = CacaoRepl.h; sourceTree = "<group>"; };
		BEB2949E128F0AF30092F199 /* CacaoRepl.m */ = {isa = PBXFileReference; fileEncoding = 4; lastKnownFileType = sourcecode.c.objc; path = CacaoRepl.m; sourceTree = "<group>"; };
		BEB29821128F376B0092F199 /* CacaoSymbol.h */ = {isa = PBXFileReference; fileEncoding = 4; lastKnownFileType = sourcecode.c.h; path = CacaoSymbol.h; sourceTree = "<group>"; };
		BEB29822128F376B0092F199 /* CacaoSymbol.m */ = {isa = PBXFileReference; fileEncoding = 4; lastKnownFileType = sourcecode.c.objc; path = CacaoSymbol.m; sourceTree = "<group>"; };
		BEB2996B128F52CC0092F199 /* CacaoEnvironment.h */ = {isa = PBXFileReference; fileEncoding = 4; lastKnownFileType = sourcecode.c.h; path = CacaoEnvironment.h; sourceTree = "<group>"; };
		BEB2996C128F52CC0092F199 /* CacaoEnvironment.m */ = {isa = PBXFileReference; fileEncoding = 4; lastKnownFileType = sourcecode.c.objc; path = CacaoEnvironment.m; sourceTree = "<group>"; };
		BEB2997F128F577B0092F199 /* NSArray+Functional.h */ = {isa = PBXFileReference; fileEncoding = 4; lastKnownFileType = sourcecode.c.h; path = "NSArray+Functional.h"; sourceTree = "<group>"; };
		BEB29980128F577B0092F199 /* NSArray+Functional.m */ = {isa = PBXFileReference; fileEncoding = 4; lastKnownFileType = sourcecode.c.objc; path = "NSArray+Functional.m"; sourceTree = "<group>"; };
		BECDF77512A17936006AE86C /* TestMath.h */ = {isa = PBXFileReference; fileEncoding = 4; lastKnownFileType = sourcecode.c.h; path = TestMath.h; sourceTree = "<group>"; };
		BECDF77612A17936006AE86C /* TestMath.m */ = {isa = PBXFileReference; fileEncoding = 4; lastKnownFileType = sourcecode.c.objc; path = TestMath.m; sourceTree = "<group>"; };
		BEDDE09E12A444AC00B0EF6C /* BigInteger.h */ = {isa = PBXFileReference; fileEncoding = 4; lastKnownFileType = sourcecode.c.h; path = BigInteger.h; sourceTree = "<group>"; };
		BEDDE09F12A444AC00B0EF6C /* BigInteger.m */ = {isa = PBXFileReference; fileEncoding = 4; lastKnownFileType = sourcecode.c.objc; path = BigInteger.m; sourceTree = "<group>"; };
		BEDDE0A012A444AC00B0EF6C /* BigDecimal.h */ = {isa = PBXFileReference; fileEncoding = 4; lastKnownFileType = sourcecode.c.h; path = BigDecimal.h; sourceTree = "<group>"; };
		BEDDE0A112A444AC00B0EF6C /* BigDecimal.m */ = {isa = PBXFileReference; fileEncoding = 4; lastKnownFileType = sourcecode.c.objc; path = BigDecimal.m; sourceTree = "<group>"; };
		BEDDE0A212A444AC00B0EF6C /* GMPRational.h */ = {isa = PBXFileReference; fileEncoding = 4; lastKnownFileType = sourcecode.c.h; path = GMPRational.h; sourceTree = "<group>"; };
		BEDDE0A312A444AC00B0EF6C /* GMPRational.m */ = {isa = PBXFileReference; fileEncoding = 4; lastKnownFileType = sourcecode.c.objc; path = GMPRational.m; sourceTree = "<group>"; };
		BEF44C7612D3BCDA007E42FB /* CacaoQuotedForm.h */ = {isa = PBXFileReference; fileEncoding = 4; lastKnownFileType = sourcecode.c.h; path = CacaoQuotedForm.h; sourceTree = "<group>"; };
		BEF44C7712D3BCDA007E42FB /* CacaoQuotedForm.m */ = {isa = PBXFileReference; fileEncoding = 4; lastKnownFileType = sourcecode.c.objc; path = CacaoQuotedForm.m; sourceTree = "<group>"; };
/* End PBXFileReference section */

/* Begin PBXFrameworksBuildPhase section */
		8DC2EF560486A6940098B216 /* Frameworks */ = {
			isa = PBXFrameworksBuildPhase;
			buildActionMask = 2147483647;
			files = (
				BE46BB9812A59B6400EE904A /* libgmp.dylib in Frameworks */,
				BE46BBC012A59D3C00EE904A /* Cocoa.framework in Frameworks */,
			);
			runOnlyForDeploymentPostprocessing = 0;
		};
		BEB2939E128EFAD40092F199 /* Frameworks */ = {
			isa = PBXFrameworksBuildPhase;
			buildActionMask = 2147483647;
			files = (
				BEB2945F128F052E0092F199 /* SenTestingKit.framework in Frameworks */,
				BE296A8212A4184200229132 /* Cacao.framework in Frameworks */,
			);
			runOnlyForDeploymentPostprocessing = 0;
		};
		BEB29495128F0ABA0092F199 /* Frameworks */ = {
			isa = PBXFrameworksBuildPhase;
			buildActionMask = 2147483647;
			files = (
				BE98BF1B12C4E71500E21BD2 /* libedit.dylib in Frameworks */,
				BEF44E4B12D3F1C2007E42FB /* libgmp.dylib in Frameworks */,
			);
			runOnlyForDeploymentPostprocessing = 0;
		};
/* End PBXFrameworksBuildPhase section */

/* Begin PBXGroup section */
		034768DFFF38A50411DB9C8B /* Products */ = {
			isa = PBXGroup;
			children = (
				8DC2EF5B0486A6940098B216 /* Cacao.framework */,
				BEB293A1128EFAD40092F199 /* Tests.octest */,
				BEB29497128F0ABA0092F199 /* cacao */,
			);
			name = Products;
			sourceTree = "<group>";
		};
		0867D691FE84028FC02AAC07 /* Cacao */ = {
			isa = PBXGroup;
			children = (
				BEB29381128EF96C0092F199 /* Tests */,
				BE265300128DC3F70088DC0A /* Protocols */,
				08FB77AEFE84172EC02AAC07 /* Classes */,
				32C88DFF0371C24200C91783 /* Other Sources */,
				089C1665FE841158C02AAC07 /* Resources */,
				0867D69AFE84028FC02AAC07 /* External Frameworks and Libraries */,
				034768DFFF38A50411DB9C8B /* Products */,
				BE46BB9712A59B6400EE904A /* libgmp.dylib */,
				BE46BBBF12A59D3C00EE904A /* Cocoa.framework */,
				BE98BF1A12C4E71500E21BD2 /* libedit.dylib */,
				BEA9FCA112C7BFEE001875C1 /* OpenCL.framework */,
			);
			comments = "Copyright 2010, Joubert Nel. All rights reserved.\n\nRedistribution and use in source and binary forms, with or without modification, are\npermitted provided that the following conditions are met:\n\n   1. Redistributions of source code must retain the above copyright notice, this list of\n      conditions and the following disclaimer.\n\n   2. Redistributions in binary form must reproduce the above copyright notice, this list\n      of conditions and the following disclaimer in the documentation and/or other materials\n      provided with the distribution.\n\nTHIS SOFTWARE IS PROVIDED BY JOUBERT NEL \"AS IS'' AND ANY EXPRESS OR IMPLIED\nWARRANTIES, INCLUDING, BUT NOT LIMITED TO, THE IMPLIED WARRANTIES OF MERCHANTABILITY AND\nFITNESS FOR A PARTICULAR PURPOSE ARE DISCLAIMED. IN NO EVENT SHALL JOUBERT NEL OR\nCONTRIBUTORS BE LIABLE FOR ANY DIRECT, INDIRECT, INCIDENTAL, SPECIAL, EXEMPLARY, OR\nCONSEQUENTIAL DAMAGES (INCLUDING, BUT NOT LIMITED TO, PROCUREMENT OF SUBSTITUTE GOODS OR\nSERVICES; LOSS OF USE, DATA, OR PROFITS; OR BUSINESS INTERRUPTION) HOWEVER CAUSED AND ON\nANY THEORY OF LIABILITY, WHETHER IN CONTRACT, STRICT LIABILITY, OR TORT (INCLUDING\nNEGLIGENCE OR OTHERWISE) ARISING IN ANY WAY OUT OF THE USE OF THIS SOFTWARE, EVEN IF\nADVISED OF THE POSSIBILITY OF SUCH DAMAGE.\n\nThe views and conclusions contained in the software and documentation are those of the\nauthors and should not be interpreted as representing official policies, either expressed\nor implied, of Joubert Nel.";
			name = Cacao;
			sourceTree = "<group>";
		};
		0867D69AFE84028FC02AAC07 /* External Frameworks and Libraries */ = {
			isa = PBXGroup;
			children = (
				1058C7B0FEA5585E11CA2CBB /* Linked Frameworks */,
				1058C7B2FEA5585E11CA2CBB /* Other Frameworks */,
			);
			name = "External Frameworks and Libraries";
			sourceTree = "<group>";
		};
		089C1665FE841158C02AAC07 /* Resources */ = {
			isa = PBXGroup;
			children = (
				BEB293A2128EFAD40092F199 /* Tests-Info.plist */,
				8DC2EF5A0486A6940098B216 /* Info.plist */,
				089C1666FE841158C02AAC07 /* InfoPlist.strings */,
			);
			name = Resources;
			sourceTree = "<group>";
		};
		08FB77AEFE84172EC02AAC07 /* Classes */ = {
			isa = PBXGroup;
			children = (
				BE3BC6FC1290E57400ED6ADB /* Datastructures */,
				BE3BC17A1290972900ED6ADB /* Core */,
				BE3BC4C81290BF1200ED6ADB /* Exceptions */,
				BE021FE7128FAECE00636124 /* Multiprecision */,
				BE3BC17B1290973500ED6ADB /* Support */,
			);
			name = Classes;
			sourceTree = "<group>";
		};
		1058C7B0FEA5585E11CA2CBB /* Linked Frameworks */ = {
			isa = PBXGroup;
			children = (
				1058C7B1FEA5585E11CA2CBB /* Cocoa.framework */,
				BEB2945E128F052E0092F199 /* SenTestingKit.framework */,
			);
			name = "Linked Frameworks";
			sourceTree = "<group>";
		};
		1058C7B2FEA5585E11CA2CBB /* Other Frameworks */ = {
			isa = PBXGroup;
			children = (
				0867D6A5FE840307C02AAC07 /* AppKit.framework */,
				0867D69BFE84028FC02AAC07 /* Foundation.framework */,
			);
			name = "Other Frameworks";
			sourceTree = "<group>";
		};
		32C88DFF0371C24200C91783 /* Other Sources */ = {
			isa = PBXGroup;
			children = (
				32DBCF5E0370ADEE00C91783 /* Cacao_Prefix.pch */,
			);
			name = "Other Sources";
			sourceTree = "<group>";
		};
		BE021FE7128FAECE00636124 /* Multiprecision */ = {
			isa = PBXGroup;
			children = (
				BEDDE09E12A444AC00B0EF6C /* BigInteger.h */,
				BEDDE09F12A444AC00B0EF6C /* BigInteger.m */,
				BEDDE0A012A444AC00B0EF6C /* BigDecimal.h */,
				BEDDE0A112A444AC00B0EF6C /* BigDecimal.m */,
				BEDDE0A212A444AC00B0EF6C /* GMPRational.h */,
				BEDDE0A312A444AC00B0EF6C /* GMPRational.m */,
				BEA9FC8212C7B72A001875C1 /* CacaoBigInteger.h */,
				BEA9FC8312C7B72A001875C1 /* CacaoBigInteger.m */,
			);
			name = Multiprecision;
			sourceTree = "<group>";
		};
		BE265300128DC3F70088DC0A /* Protocols */ = {
			isa = PBXGroup;
			children = (
				BE2B78A112DCEC23000363DB /* CacaoReadable.h */,
			);
			name = Protocols;
			sourceTree = "<group>";
		};
		BE2B6C4712D8E271000363DB /* Function Makers */ = {
			isa = PBXGroup;
			children = (
				BE2B6C4F12D8E304000363DB /* CacaoFunctionsMaker.h */,
				BE2B6C4812D8E2A8000363DB /* CacaoMathFunctionMakers.h */,
				BE2B6C4912D8E2A8000363DB /* CacaoMathFunctionMakers.m */,
				BE2B6C7612D8F127000363DB /* CacaoHigherOrderFunctionMakers.h */,
				BE2B6C7712D8F127000363DB /* CacaoHigherOrderFunctionMakers.m */,
				BE2B6D1612D8FD66000363DB /* CacaoSequenceFunctionMakers.h */,
				BE2B6D1712D8FD66000363DB /* CacaoSequenceFunctionMakers.m */,
				BE2B6D2112D8FDFF000363DB /* CacaoComparisonFunctionMakers.h */,
				BE2B6D2212D8FDFF000363DB /* CacaoComparisonFunctionMakers.m */,
			);
			name = "Function Makers";
			sourceTree = "<group>";
		};
		BE3BC17A1290972900ED6ADB /* Core */ = {
			isa = PBXGroup;
			children = (
				BE2B6C4712D8E271000363DB /* Function Makers */,
				BE93F79012BBE395007A4826 /* Readers */,
				BE93D64312C6D28900B42625 /* CacaoCore.h */,
				BE93D64412C6D28900B42625 /* CacaoCore.m */,
				BEB2949D128F0AF30092F199 /* CacaoRepl.h */,
				BEB2949E128F0AF30092F199 /* CacaoRepl.m */,
				BEB29821128F376B0092F199 /* CacaoSymbol.h */,
				BEB29822128F376B0092F199 /* CacaoSymbol.m */,
				BE9302EF12BED306007A4826 /* CacaoArgumentName.h */,
				BE9302F012BED306007A4826 /* CacaoArgumentName.m */,
				BE93014412BD4AFA007A4826 /* CacaoKeyword.h */,
				BE93014512BD4AFA007A4826 /* CacaoKeyword.m */,
				BEB2996B128F52CC0092F199 /* CacaoEnvironment.h */,
				BEB2996C128F52CC0092F199 /* CacaoEnvironment.m */,
				BE3BC60A1290CD2400ED6ADB /* CacaoNil.h */,
				BE3BC60B1290CD2400ED6ADB /* CacaoNil.m */,
				BE61EF00129B79E200E7A7DD /* CacaoFn.h */,
				BE61EF01129B79E200E7A7DD /* CacaoFn.m */,
				BEF44C7612D3BCDA007E42FB /* CacaoQuotedForm.h */,
				BEF44C7712D3BCDA007E42FB /* CacaoQuotedForm.m */,
			);
			name = Core;
			sourceTree = "<group>";
		};
		BE3BC17B1290973500ED6ADB /* Support */ = {
			isa = PBXGroup;
			children = (
				BE93011112BD4492007A4826 /* CacaoUtil.h */,
				BE93011212BD4492007A4826 /* CacaoUtil.m */,
				BE98F04712AB0EBA0056DCD1 /* PushbackReader.h */,
				BE98F04812AB0EBA0056DCD1 /* PushbackReader.m */,
				BEB2997F128F577B0092F199 /* NSArray+Functional.h */,
				BEB29980128F577B0092F199 /* NSArray+Functional.m */,
				BE3BC2E81290A34E00ED6ADB /* NSString+CacaoReadable.h */,
				BE3BC2E91290A34E00ED6ADB /* NSString+CacaoReadable.m */,
				BE3BC3021290A3D600ED6ADB /* NSNumber+CacaoReadable.h */,
				BE3BC3031290A3D600ED6ADB /* NSNumber+CacaoReadable.m */,
				BE3BC3141290A5B500ED6ADB /* NSArray+CacaoReadable.h */,
				BE3BC3151290A5B500ED6ADB /* NSArray+CacaoReadable.m */,
				BE3BC3481290AA3100ED6ADB /* NSObject+CacaoReadable.h */,
				BE3BC3491290AA3100ED6ADB /* NSObject+CacaoReadable.m */,
				BE62163412A8A04900F4D142 /* NSValue+CacaoReadable.h */,
				BE62163512A8A04900F4D142 /* NSValue+CacaoReadable.m */,
				BE93F94612BC163D007A4826 /* RegexKitLite.h */,
				BE93F94712BC163D007A4826 /* RegexKitLite.m */,
			);
			name = Support;
			sourceTree = "<group>";
		};
		BE3BC4C81290BF1200ED6ADB /* Exceptions */ = {
			isa = PBXGroup;
			children = (
				BE3BC4C91290BF2400ED6ADB /* CacaoSymbolNotFoundException.h */,
				BE3BC4CA1290BF2400ED6ADB /* CacaoSymbolNotFoundException.m */,
				BE3BC65C1290CF4900ED6ADB /* CacaoNilNotCallableException.h */,
				BE3BC65D1290CF4900ED6ADB /* CacaoNilNotCallableException.m */,
			);
			name = Exceptions;
			sourceTree = "<group>";
		};
		BE3BC6FC1290E57400ED6ADB /* Datastructures */ = {
			isa = PBXGroup;
			children = (
				BE3BC6FD1290E58D00ED6ADB /* CacaoVector.h */,
				BE3BC6FE1290E58D00ED6ADB /* CacaoVector.m */,
				BE2B694C12D7C04E000363DB /* CacaoDictionary.h */,
				BE2B694D12D7C04E000363DB /* CacaoDictionary.m */,
			);
			name = Datastructures;
			sourceTree = "<group>";
		};
		BE93F79012BBE395007A4826 /* Readers */ = {
			isa = PBXGroup;
			children = (
				BE93FFEB12BD0D7A007A4826 /* CacaoReaderMacroInvokers.h */,
				BE93F79112BBE3AD007A4826 /* CacaoLispReader.h */,
				BE93F79212BBE3AD007A4826 /* CacaoLispReader.m */,
			);
			name = Readers;
			sourceTree = "<group>";
		};
		BEB29381128EF96C0092F199 /* Tests */ = {
			isa = PBXGroup;
			children = (
				BECDF77512A17936006AE86C /* TestMath.h */,
				BECDF77612A17936006AE86C /* TestMath.m */,
				BE0F240912A6A8CD005E9444 /* TestPlatformIntegration.h */,
				BE0F240A12A6A8CD005E9444 /* TestPlatformIntegration.m */,
				BE0F24D612A72436005E9444 /* TestCore.h */,
				BE0F24D712A72436005E9444 /* TestCore.m */,
				BE0F24DA12A72475005E9444 /* TestBase.h */,
				BE0F24DB12A72475005E9444 /* TestBase.m */,
				BE2B6DCB12D9556D000363DB /* TestSequences.h */,
				BE2B6DCC12D9556D000363DB /* TestSequences.m */,
			);
			name = Tests;
			sourceTree = "<group>";
		};
/* End PBXGroup section */

/* Begin PBXHeadersBuildPhase section */
		8DC2EF500486A6940098B216 /* Headers */ = {
			isa = PBXHeadersBuildPhase;
			buildActionMask = 2147483647;
			files = (
				BEB29982128F577B0092F199 /* NSArray+Functional.h in Headers */,
				BE3BC2EA1290A34E00ED6ADB /* NSString+CacaoReadable.h in Headers */,
				BE3BC3041290A3D600ED6ADB /* NSNumber+CacaoReadable.h in Headers */,
				BE3BC3161290A5B500ED6ADB /* NSArray+CacaoReadable.h in Headers */,
				BE3BC34A1290AA3100ED6ADB /* NSObject+CacaoReadable.h in Headers */,
				BE3BC4CB1290BF2400ED6ADB /* CacaoSymbolNotFoundException.h in Headers */,
				BE3BC60C1290CD2400ED6ADB /* CacaoNil.h in Headers */,
				BE3BC65E1290CF4900ED6ADB /* CacaoNilNotCallableException.h in Headers */,
				BE3BC6FF1290E58D00ED6ADB /* CacaoVector.h in Headers */,
				BE61EF02129B79E200E7A7DD /* CacaoFn.h in Headers */,
				BECDF7CA12A18027006AE86C /* CacaoSymbol.h in Headers */,
				BECDF7CC12A18035006AE86C /* CacaoEnvironment.h in Headers */,
				BE445FB712A57EDF00D1E47C /* BigInteger.h in Headers */,
				BE445FB912A57EDF00D1E47C /* BigDecimal.h in Headers */,
				BE445FBB12A57EDF00D1E47C /* GMPRational.h in Headers */,
				BE62163612A8A04900F4D142 /* NSValue+CacaoReadable.h in Headers */,
				BE98F04912AB0EBA0056DCD1 /* PushbackReader.h in Headers */,
				BE93F79312BBE3AD007A4826 /* CacaoLispReader.h in Headers */,
				BE93F94812BC163D007A4826 /* RegexKitLite.h in Headers */,
				BE93FFEC12BD0D7A007A4826 /* CacaoReaderMacroInvokers.h in Headers */,
				BE93011312BD4492007A4826 /* CacaoUtil.h in Headers */,
				BE93014612BD4AFA007A4826 /* CacaoKeyword.h in Headers */,
				BE9302F112BED306007A4826 /* CacaoArgumentName.h in Headers */,
				BE93D64512C6D28900B42625 /* CacaoCore.h in Headers */,
				BEA9FC8412C7B72A001875C1 /* CacaoBigInteger.h in Headers */,
				BEF44C7812D3BCDA007E42FB /* CacaoQuotedForm.h in Headers */,
				BE2B694E12D7C04E000363DB /* CacaoDictionary.h in Headers */,
				BE2B6C4A12D8E2A8000363DB /* CacaoMathFunctionMakers.h in Headers */,
				BE2B6C5012D8E304000363DB /* CacaoFunctionsMaker.h in Headers */,
				BE2B6C7912D8F127000363DB /* CacaoHigherOrderFunctionMakers.h in Headers */,
				BE2B6D1912D8FD66000363DB /* CacaoSequenceFunctionMakers.h in Headers */,
				BE2B6D2412D8FDFF000363DB /* CacaoComparisonFunctionMakers.h in Headers */,
				BE2B78A212DCEC23000363DB /* CacaoReadable.h in Headers */,
			);
			runOnlyForDeploymentPostprocessing = 0;
		};
/* End PBXHeadersBuildPhase section */

/* Begin PBXNativeTarget section */
		8DC2EF4F0486A6940098B216 /* Cacao */ = {
			isa = PBXNativeTarget;
			buildConfigurationList = 1DEB91AD08733DA50010E9CD /* Build configuration list for PBXNativeTarget "Cacao" */;
			buildPhases = (
				8DC2EF500486A6940098B216 /* Headers */,
				8DC2EF520486A6940098B216 /* Resources */,
				8DC2EF540486A6940098B216 /* Sources */,
				8DC2EF560486A6940098B216 /* Frameworks */,
			);
			buildRules = (
			);
			dependencies = (
			);
			name = Cacao;
			productInstallPath = "$(HOME)/Library/Frameworks";
			productName = Cacao;
			productReference = 8DC2EF5B0486A6940098B216 /* Cacao.framework */;
			productType = "com.apple.product-type.framework";
		};
		BEB293A0128EFAD40092F199 /* Tests */ = {
			isa = PBXNativeTarget;
			buildConfigurationList = BEB293A5128EFAD40092F199 /* Build configuration list for PBXNativeTarget "Tests" */;
			buildPhases = (
				BEB2939C128EFAD40092F199 /* Resources */,
				BEB2939D128EFAD40092F199 /* Sources */,
				BEB2939E128EFAD40092F199 /* Frameworks */,
				BEB2939F128EFAD40092F199 /* ShellScript */,
			);
			buildRules = (
			);
			dependencies = (
				BE46BC6212A5AA3300EE904A /* PBXTargetDependency */,
			);
			name = Tests;
			productName = Tests;
			productReference = BEB293A1128EFAD40092F199 /* Tests.octest */;
			productType = "com.apple.product-type.bundle";
		};
		BEB29496128F0ABA0092F199 /* Repl */ = {
			isa = PBXNativeTarget;
			buildConfigurationList = BEB294A0128F0AF30092F199 /* Build configuration list for PBXNativeTarget "Repl" */;
			buildPhases = (
				BEB297B7128F2D150092F199 /* Resources */,
				BEB29494128F0ABA0092F199 /* Sources */,
				BEB29495128F0ABA0092F199 /* Frameworks */,
			);
			buildRules = (
			);
			dependencies = (
			);
			name = Repl;
			productName = Repl;
			productReference = BEB29497128F0ABA0092F199 /* cacao */;
			productType = "com.apple.product-type.tool";
		};
/* End PBXNativeTarget section */

/* Begin PBXProject section */
		0867D690FE84028FC02AAC07 /* Project object */ = {
			isa = PBXProject;
			attributes = {
				BuildIndependentTargetsInParallel = YES;
				ORGANIZATIONNAME = "Joubert Nel";
			};
			buildConfigurationList = 1DEB91B108733DA50010E9CD /* Build configuration list for PBXProject "Cacao" */;
			compatibilityVersion = "Xcode 3.2";
			developmentRegion = English;
			hasScannedForEncodings = 1;
			knownRegions = (
				English,
				Japanese,
				French,
				German,
			);
			mainGroup = 0867D691FE84028FC02AAC07 /* Cacao */;
			productRefGroup = 034768DFFF38A50411DB9C8B /* Products */;
			projectDirPath = "";
			projectRoot = "";
			targets = (
				8DC2EF4F0486A6940098B216 /* Cacao */,
				BEB293A0128EFAD40092F199 /* Tests */,
				BEB29496128F0ABA0092F199 /* Repl */,
			);
		};
/* End PBXProject section */

/* Begin PBXResourcesBuildPhase section */
		8DC2EF520486A6940098B216 /* Resources */ = {
			isa = PBXResourcesBuildPhase;
			buildActionMask = 2147483647;
			files = (
				8DC2EF530486A6940098B216 /* InfoPlist.strings in Resources */,
			);
			runOnlyForDeploymentPostprocessing = 0;
		};
		BEB2939C128EFAD40092F199 /* Resources */ = {
			isa = PBXResourcesBuildPhase;
			buildActionMask = 2147483647;
			files = (
			);
			runOnlyForDeploymentPostprocessing = 0;
		};
		BEB297B7128F2D150092F199 /* Resources */ = {
			isa = PBXResourcesBuildPhase;
			buildActionMask = 2147483647;
			files = (
			);
			runOnlyForDeploymentPostprocessing = 0;
		};
/* End PBXResourcesBuildPhase section */

/* Begin PBXShellScriptBuildPhase section */
		BEB2939F128EFAD40092F199 /* ShellScript */ = {
			isa = PBXShellScriptBuildPhase;
			buildActionMask = 2147483647;
			files = (
			);
			inputPaths = (
			);
			outputPaths = (
			);
			runOnlyForDeploymentPostprocessing = 0;
			shellPath = /bin/sh;
			shellScript = "# Run the unit tests in this test bundle.\n\"${SYSTEM_DEVELOPER_DIR}/Tools/RunUnitTests\"\n";
		};
/* End PBXShellScriptBuildPhase section */

/* Begin PBXSourcesBuildPhase section */
		8DC2EF540486A6940098B216 /* Sources */ = {
			isa = PBXSourcesBuildPhase;
			buildActionMask = 2147483647;
			files = (
				BEB29983128F577B0092F199 /* NSArray+Functional.m in Sources */,
				BE3BC2EB1290A34E00ED6ADB /* NSString+CacaoReadable.m in Sources */,
				BE3BC3051290A3D600ED6ADB /* NSNumber+CacaoReadable.m in Sources */,
				BE3BC3171290A5B500ED6ADB /* NSArray+CacaoReadable.m in Sources */,
				BE3BC34B1290AA3100ED6ADB /* NSObject+CacaoReadable.m in Sources */,
				BE3BC4CC1290BF2400ED6ADB /* CacaoSymbolNotFoundException.m in Sources */,
				BE3BC60D1290CD2400ED6ADB /* CacaoNil.m in Sources */,
				BE3BC65F1290CF4900ED6ADB /* CacaoNilNotCallableException.m in Sources */,
				BE3BC7001290E58D00ED6ADB /* CacaoVector.m in Sources */,
				BE61EF03129B79E200E7A7DD /* CacaoFn.m in Sources */,
				BECDF7CB12A18031006AE86C /* CacaoSymbol.m in Sources */,
				BECDF7CD12A18039006AE86C /* CacaoEnvironment.m in Sources */,
				BE445FB812A57EDF00D1E47C /* BigInteger.m in Sources */,
				BE445FBA12A57EDF00D1E47C /* BigDecimal.m in Sources */,
				BE445FBC12A57EDF00D1E47C /* GMPRational.m in Sources */,
				BE62163712A8A04900F4D142 /* NSValue+CacaoReadable.m in Sources */,
				BE98F04A12AB0EBA0056DCD1 /* PushbackReader.m in Sources */,
				BE93F79412BBE3AD007A4826 /* CacaoLispReader.m in Sources */,
				BE93F94912BC163D007A4826 /* RegexKitLite.m in Sources */,
				BE93011412BD4492007A4826 /* CacaoUtil.m in Sources */,
				BE93014712BD4AFA007A4826 /* CacaoKeyword.m in Sources */,
				BE9302F212BED306007A4826 /* CacaoArgumentName.m in Sources */,
				BE93D64612C6D28900B42625 /* CacaoCore.m in Sources */,
				BEF44C7912D3BCDA007E42FB /* CacaoQuotedForm.m in Sources */,
				BE2B694F12D7C04E000363DB /* CacaoDictionary.m in Sources */,
				BE2B6C4B12D8E2A8000363DB /* CacaoMathFunctionMakers.m in Sources */,
				BE2B6C7A12D8F127000363DB /* CacaoHigherOrderFunctionMakers.m in Sources */,
				BE2B6D1A12D8FD66000363DB /* CacaoSequenceFunctionMakers.m in Sources */,
				BE2B6D2512D8FDFF000363DB /* CacaoComparisonFunctionMakers.m in Sources */,
			);
			runOnlyForDeploymentPostprocessing = 0;
		};
		BEB2939D128EFAD40092F199 /* Sources */ = {
			isa = PBXSourcesBuildPhase;
			buildActionMask = 2147483647;
			files = (
				BECDF77712A17936006AE86C /* TestMath.m in Sources */,
				BE0F240B12A6A8CD005E9444 /* TestPlatformIntegration.m in Sources */,
				BE0F24D812A72436005E9444 /* TestCore.m in Sources */,
				BE0F24DC12A72475005E9444 /* TestBase.m in Sources */,
				BE2B6DCD12D9556D000363DB /* TestSequences.m in Sources */,
			);
			runOnlyForDeploymentPostprocessing = 0;
		};
		BEB29494128F0ABA0092F199 /* Sources */ = {
			isa = PBXSourcesBuildPhase;
			buildActionMask = 2147483647;
			files = (
				BEB2967E128F2A0D0092F199 /* CacaoRepl.m in Sources */,
				BEB29823128F376B0092F199 /* CacaoSymbol.m in Sources */,
				BEB2996D128F52CC0092F199 /* CacaoEnvironment.m in Sources */,
				BEB29981128F577B0092F199 /* NSArray+Functional.m in Sources */,
				BE3BC2EC1290A34E00ED6ADB /* NSString+CacaoReadable.m in Sources */,
				BE3BC3061290A3D600ED6ADB /* NSNumber+CacaoReadable.m in Sources */,
				BE3BC3181290A5B500ED6ADB /* NSArray+CacaoReadable.m in Sources */,
				BE3BC34C1290AA3100ED6ADB /* NSObject+CacaoReadable.m in Sources */,
				BE3BC4CD1290BF2400ED6ADB /* CacaoSymbolNotFoundException.m in Sources */,
				BE3BC60E1290CD2400ED6ADB /* CacaoNil.m in Sources */,
				BE3BC6601290CF4900ED6ADB /* CacaoNilNotCallableException.m in Sources */,
				BE61EF04129B79E200E7A7DD /* CacaoFn.m in Sources */,
				BE62163812A8A04900F4D142 /* NSValue+CacaoReadable.m in Sources */,
				BE98F04B12AB0EBA0056DCD1 /* PushbackReader.m in Sources */,
				BE93F79512BBE3AD007A4826 /* CacaoLispReader.m in Sources */,
				BE93F94A12BC163D007A4826 /* RegexKitLite.m in Sources */,
				BE93011512BD4492007A4826 /* CacaoUtil.m in Sources */,
				BE93014812BD4AFA007A4826 /* CacaoKeyword.m in Sources */,
				BE9302F312BED306007A4826 /* CacaoArgumentName.m in Sources */,
				BE93D64712C6D28900B42625 /* CacaoCore.m in Sources */,
				BEF44C7A12D3BCDA007E42FB /* CacaoQuotedForm.m in Sources */,
				BEF44E4E12D3F1CC007E42FB /* BigInteger.m in Sources */,
				BEF44E4F12D3F1CF007E42FB /* BigDecimal.m in Sources */,
				BEF44E5012D3F1D2007E42FB /* GMPRational.m in Sources */,
				BE2B695012D7C04E000363DB /* CacaoDictionary.m in Sources */,
				BE2B6C4C12D8E2A8000363DB /* CacaoMathFunctionMakers.m in Sources */,
				BE2B6C7812D8F127000363DB /* CacaoHigherOrderFunctionMakers.m in Sources */,
				BE2B6D1812D8FD66000363DB /* CacaoSequenceFunctionMakers.m in Sources */,
				BE2B6D2312D8FDFF000363DB /* CacaoComparisonFunctionMakers.m in Sources */,
				BE2B725612DA7457000363DB /* CacaoVector.m in Sources */,
			);
			runOnlyForDeploymentPostprocessing = 0;
		};
/* End PBXSourcesBuildPhase section */

/* Begin PBXTargetDependency section */
		BE46BC6212A5AA3300EE904A /* PBXTargetDependency */ = {
			isa = PBXTargetDependency;
			target = 8DC2EF4F0486A6940098B216 /* Cacao */;
			targetProxy = BE46BC6112A5AA3300EE904A /* PBXContainerItemProxy */;
		};
/* End PBXTargetDependency section */

/* Begin PBXVariantGroup section */
		089C1666FE841158C02AAC07 /* InfoPlist.strings */ = {
			isa = PBXVariantGroup;
			children = (
				089C1667FE841158C02AAC07 /* English */,
			);
			name = InfoPlist.strings;
			sourceTree = "<group>";
		};
/* End PBXVariantGroup section */

/* Begin XCBuildConfiguration section */
		1DEB91AE08733DA50010E9CD /* Debug */ = {
			isa = XCBuildConfiguration;
			buildSettings = {
				ALWAYS_SEARCH_USER_PATHS = NO;
				ARCHS = "$(ARCHS_STANDARD_64_BIT)";
				COPY_PHASE_STRIP = NO;
				DEPLOYMENT_LOCATION = NO;
				DYLIB_COMPATIBILITY_VERSION = 1;
				DYLIB_CURRENT_VERSION = 1;
				FRAMEWORK_VERSION = A;
				GCC_C_LANGUAGE_STANDARD = c99;
				GCC_DYNAMIC_NO_PIC = NO;
				GCC_ENABLE_FIX_AND_CONTINUE = YES;
				GCC_ENABLE_OBJC_GC = required;
				GCC_MODEL_TUNING = G5;
				GCC_OPTIMIZATION_LEVEL = 0;
				GCC_PRECOMPILE_PREFIX_HEADER = YES;
				GCC_PREFIX_HEADER = Cacao_Prefix.pch;
				GCC_VERSION = com.apple.compilers.llvm.clang.1_0;
				HEADER_SEARCH_PATHS = /usr/local/include;
				INFOPLIST_FILE = Info.plist;
				INSTALL_PATH = "$(HOME)/Library/Frameworks";
				LIBRARY_SEARCH_PATHS = "$(inherited)";
				MACH_O_TYPE = mh_dylib;
				ONLY_ACTIVE_ARCH = YES;
				OTHER_LDFLAGS = "-licucore";
				PRODUCT_NAME = Cacao;
				VALID_ARCHS = x86_64;
				WRAPPER_EXTENSION = framework;
			};
			name = Debug;
		};
		1DEB91AF08733DA50010E9CD /* Release */ = {
			isa = XCBuildConfiguration;
			buildSettings = {
				ALWAYS_SEARCH_USER_PATHS = NO;
				ARCHS = "$(ARCHS_STANDARD_64_BIT)";
				DEBUG_INFORMATION_FORMAT = "dwarf-with-dsym";
				DYLIB_COMPATIBILITY_VERSION = 1;
				DYLIB_CURRENT_VERSION = 1;
				FRAMEWORK_VERSION = A;
				GCC_C_LANGUAGE_STANDARD = c99;
				GCC_ENABLE_OBJC_GC = required;
				GCC_MODEL_TUNING = G5;
				GCC_PRECOMPILE_PREFIX_HEADER = YES;
				GCC_PREFIX_HEADER = Cacao_Prefix.pch;
				GCC_VERSION = com.apple.compilers.llvm.clang.1_0;
				INFOPLIST_FILE = Info.plist;
				INSTALL_PATH = "$(HOME)/Library/Frameworks";
				LIBRARY_SEARCH_PATHS = (
					"$(inherited)",
					/opt/local/lib,
				);
				OTHER_LDFLAGS = "";
				PRODUCT_NAME = Cacao;
				VALID_ARCHS = x86_64;
				WRAPPER_EXTENSION = framework;
			};
			name = Release;
		};
		1DEB91B208733DA50010E9CD /* Debug */ = {
			isa = XCBuildConfiguration;
			buildSettings = {
				ARCHS = "$(ARCHS_STANDARD_64_BIT)";
				GCC_C_LANGUAGE_STANDARD = gnu99;
				GCC_OPTIMIZATION_LEVEL = 0;
				GCC_WARN_ABOUT_RETURN_TYPE = YES;
				GCC_WARN_UNUSED_VARIABLE = YES;
				ONLY_ACTIVE_ARCH = YES;
				PREBINDING = NO;
				SDKROOT = macosx10.6;
				VALID_ARCHS = x86_64;
			};
			name = Debug;
		};
		1DEB91B308733DA50010E9CD /* Release */ = {
			isa = XCBuildConfiguration;
			buildSettings = {
				ARCHS = "$(ARCHS_STANDARD_64_BIT)";
				GCC_C_LANGUAGE_STANDARD = gnu99;
				GCC_WARN_ABOUT_RETURN_TYPE = YES;
				GCC_WARN_UNUSED_VARIABLE = YES;
				ONLY_ACTIVE_ARCH = YES;
				PREBINDING = NO;
				SDKROOT = macosx10.6;
				VALID_ARCHS = x86_64;
			};
			name = Release;
		};
		BEB293A3128EFAD40092F199 /* Debug */ = {
			isa = XCBuildConfiguration;
			buildSettings = {
				ALWAYS_SEARCH_USER_PATHS = NO;
				ARCHS = "$(ARCHS_STANDARD_64_BIT)";
				BUNDLE_LOADER = "";
				COPY_PHASE_STRIP = NO;
				FRAMEWORK_SEARCH_PATHS = (
					"$(CONFIGURATION_BUILD_DIR)/**",
					"$(HOME_DIR)/Library/Frameworks",
					"$(DEVELOPER_LIBRARY_DIR)/Frameworks",
					"\"$(SRCROOT)/../../../Library/Frameworks\"",
				);
				GCC_C_LANGUAGE_STANDARD = c99;
				GCC_DYNAMIC_NO_PIC = NO;
				GCC_ENABLE_FIX_AND_CONTINUE = NO;
				GCC_ENABLE_OBJC_EXCEPTIONS = YES;
				GCC_ENABLE_OBJC_GC = required;
				GCC_MODEL_TUNING = G5;
				GCC_OPTIMIZATION_LEVEL = 0;
				GCC_PRECOMPILE_PREFIX_HEADER = YES;
				GCC_PREFIX_HEADER = "$(SYSTEM_LIBRARY_DIR)/Frameworks/Cocoa.framework/Headers/Cocoa.h";
				GCC_VERSION = com.apple.compilers.llvm.clang.1_0;
				HEADER_SEARCH_PATHS = /usr/local/include;
				INFOPLIST_FILE = "Tests-Info.plist";
				INSTALL_PATH = "$(USER_LIBRARY_DIR)/Bundles";
				LD_GENERATE_MAP_FILE = NO;
				LIBRARY_SEARCH_PATHS = "";
				MACH_O_TYPE = mh_bundle;
				ONLY_ACTIVE_ARCH = YES;
				OTHER_LDFLAGS = (
					"-framework",
					Foundation,
					"-framework",
					Cocoa,
					"-framework",
					SenTestingKit,
				);
				PREBINDING = NO;
				PRODUCT_NAME = Tests;
				VALID_ARCHS = x86_64;
				WRAPPER_EXTENSION = octest;
			};
			name = Debug;
		};
		BEB293A4128EFAD40092F199 /* Release */ = {
			isa = XCBuildConfiguration;
			buildSettings = {
				ALWAYS_SEARCH_USER_PATHS = NO;
				ARCHS = "$(ARCHS_STANDARD_64_BIT)";
				BUNDLE_LOADER = "${BUILT_PRODUCTS_DIR}/Cacao.framework/Versions/Current/Cacao";
				COPY_PHASE_STRIP = YES;
				DEBUG_INFORMATION_FORMAT = "dwarf-with-dsym";
				FRAMEWORK_SEARCH_PATHS = (
					"$(DEVELOPER_LIBRARY_DIR)/Frameworks",
					"\"$(SRCROOT)/../../../Library/Frameworks\"",
				);
				GCC_ENABLE_FIX_AND_CONTINUE = NO;
				GCC_ENABLE_OBJC_EXCEPTIONS = YES;
				GCC_MODEL_TUNING = G5;
				GCC_PRECOMPILE_PREFIX_HEADER = YES;
				GCC_PREFIX_HEADER = "$(SYSTEM_LIBRARY_DIR)/Frameworks/Cocoa.framework/Headers/Cocoa.h";
				GCC_VERSION = com.apple.compilers.llvm.clang.1_0;
				INFOPLIST_FILE = "Tests-Info.plist";
				INSTALL_PATH = "$(USER_LIBRARY_DIR)/Bundles";
				LD_GENERATE_MAP_FILE = YES;
				MACH_O_TYPE = mh_bundle;
				ONLY_ACTIVE_ARCH = YES;
				OTHER_LDFLAGS = (
					"-framework",
					Cocoa,
					"-framework",
					SenTestingKit,
				);
				PREBINDING = NO;
				PRODUCT_NAME = Tests;
				VALID_ARCHS = x86_64;
				WRAPPER_EXTENSION = octest;
				ZERO_LINK = NO;
			};
			name = Release;
		};
		BEB29499128F0ABA0092F199 /* Debug */ = {
			isa = XCBuildConfiguration;
			buildSettings = {
				ALWAYS_SEARCH_USER_PATHS = NO;
				ARCHS = "$(ARCHS_STANDARD_64_BIT)";
				COPY_PHASE_STRIP = NO;
				FRAMEWORK_SEARCH_PATHS = (
					"$(inherited)",
					"\"$(SRCROOT)/../../opensource\"",
				);
				GCC_C_LANGUAGE_STANDARD = c99;
				GCC_DEBUGGING_SYMBOLS = full;
				GCC_DYNAMIC_NO_PIC = YES;
				GCC_ENABLE_FIX_AND_CONTINUE = YES;
				GCC_ENABLE_OBJC_GC = supported;
				GCC_ENABLE_SSE3_EXTENSIONS = YES;
				GCC_ENABLE_SSE41_EXTENSIONS = YES;
				GCC_ENABLE_SSE42_EXTENSIONS = YES;
				GCC_ENABLE_SUPPLEMENTAL_SSE3_INSTRUCTIONS = YES;
				GCC_MODEL_TUNING = G5;
				GCC_OPTIMIZATION_LEVEL = 0;
				GCC_PRECOMPILE_PREFIX_HEADER = YES;
				GCC_PREFIX_HEADER = "$(SYSTEM_LIBRARY_DIR)/Frameworks/AppKit.framework/Headers/AppKit.h";
				GCC_VERSION = com.apple.compilers.llvm.clang.1_0;
				GCC_WARN_MISSING_PARENTHESES = YES;
				GCC_WARN_SIGN_COMPARE = YES;
				GCC_WARN_UNUSED_FUNCTION = YES;
				GCC_WARN_UNUSED_PARAMETER = NO;
				GCC_WARN_UNUSED_VALUE = NO;
				GENERATE_PKGINFO_FILE = NO;
				HEADER_SEARCH_PATHS = /usr/local/include;
				INFOPLIST_FILE = Info.plist;
				INSTALL_PATH = /usr/local/bin;
				LIBRARY_SEARCH_PATHS = /usr/local/lib;
				LLVM_LTO = NO;
				ONLY_ACTIVE_ARCH = YES;
				OTHER_CFLAGS = (
					"-DDEBUG=1",
					"-fgnu89-inline",
				);
				OTHER_LDFLAGS = (
					"-licucore",
					"-framework",
					Foundation,
					"-framework",
					AppKit,
				);
				PREBINDING = NO;
				PRODUCT_NAME = cacao;
				VALID_ARCHS = x86_64;
			};
			name = Debug;
		};
		BEB2949A128F0ABA0092F199 /* Release */ = {
			isa = XCBuildConfiguration;
			buildSettings = {
				ALWAYS_SEARCH_USER_PATHS = NO;
				ARCHS = "$(ARCHS_STANDARD_64_BIT)";
				COPY_PHASE_STRIP = YES;
				DEBUG_INFORMATION_FORMAT = dwarf;
				ENABLE_OPENMP_SUPPORT = YES;
				FRAMEWORK_SEARCH_PATHS = (
					"$(inherited)",
					"\"$(SRCROOT)/../../opensource\"",
				);
				GCC_C_LANGUAGE_STANDARD = c99;
				GCC_DYNAMIC_NO_PIC = YES;
				GCC_ENABLE_FIX_AND_CONTINUE = NO;
				GCC_ENABLE_OBJC_GC = supported;
				GCC_GENERATE_DEBUGGING_SYMBOLS = NO;
				GCC_MODEL_TUNING = G5;
				GCC_OPTIMIZATION_LEVEL = s;
				GCC_PRECOMPILE_PREFIX_HEADER = YES;
				GCC_PREFIX_HEADER = "$(SYSTEM_LIBRARY_DIR)/Frameworks/AppKit.framework/Headers/AppKit.h";
				GCC_TREAT_WARNINGS_AS_ERRORS = YES;
				GCC_VERSION = com.apple.compilers.llvm.clang.1_0;
				GCC_WARN_MISSING_PARENTHESES = YES;
				GCC_WARN_SIGN_COMPARE = YES;
				GCC_WARN_UNUSED_FUNCTION = YES;
				GCC_WARN_UNUSED_PARAMETER = NO;
				GCC_WARN_UNUSED_VALUE = NO;
				HEADER_SEARCH_PATHS = /opt/local/include;
				INSTALL_PATH = /usr/local/bin;
				LIBRARY_SEARCH_PATHS = /opt/local/lib;
				LLVM_LTO = NO;
				ONLY_ACTIVE_ARCH = YES;
				OTHER_LDFLAGS = (
					"-licucore",
					"-framework",
					Foundation,
					"-framework",
					AppKit,
				);
				PREBINDING = NO;
				PRODUCT_NAME = cacao;
				VALID_ARCHS = x86_64;
				ZERO_LINK = NO;
			};
			name = Release;
		};
/* End XCBuildConfiguration section */

/* Begin XCConfigurationList section */
		1DEB91AD08733DA50010E9CD /* Build configuration list for PBXNativeTarget "Cacao" */ = {
			isa = XCConfigurationList;
			buildConfigurations = (
				1DEB91AE08733DA50010E9CD /* Debug */,
				1DEB91AF08733DA50010E9CD /* Release */,
			);
			defaultConfigurationIsVisible = 0;
			defaultConfigurationName = Release;
		};
		1DEB91B108733DA50010E9CD /* Build configuration list for PBXProject "Cacao" */ = {
			isa = XCConfigurationList;
			buildConfigurations = (
				1DEB91B208733DA50010E9CD /* Debug */,
				1DEB91B308733DA50010E9CD /* Release */,
			);
			defaultConfigurationIsVisible = 0;
			defaultConfigurationName = Release;
		};
		BEB293A5128EFAD40092F199 /* Build configuration list for PBXNativeTarget "Tests" */ = {
			isa = XCConfigurationList;
			buildConfigurations = (
				BEB293A3128EFAD40092F199 /* Debug */,
				BEB293A4128EFAD40092F199 /* Release */,
			);
			defaultConfigurationIsVisible = 0;
			defaultConfigurationName = Release;
		};
		BEB294A0128F0AF30092F199 /* Build configuration list for PBXNativeTarget "Repl" */ = {
			isa = XCConfigurationList;
			buildConfigurations = (
				BEB29499128F0ABA0092F199 /* Debug */,
				BEB2949A128F0ABA0092F199 /* Release */,
			);
			defaultConfigurationIsVisible = 0;
			defaultConfigurationName = Release;
		};
/* End XCConfigurationList section */
	};
	rootObject = 0867D690FE84028FC02AAC07 /* Project object */;
}
